
Microsoft Visual Studio Solution File, Format Version 12.00
# Visual Studio Version 16
VisualStudioVersion = 16.0.30717.126
MinimumVisualStudioVersion = 10.0.40219.1
Project("{FAE04EC0-301F-11D3-BF4B-00C04F79EFBC}") = "Server", "Server\Server.csproj", "{88E2542A-046A-4360-97DB-EBD928BA9993}"
EndProject
Global
	GlobalSection(SolutionConfigurationPlatforms) = preSolution
		Debug|Any CPU = Debug|Any CPU
		Release|Any CPU = Release|Any CPU
	EndGlobalSection
	GlobalSection(ProjectConfigurationPlatforms) = postSolution
		{88E2542A-046A-4360-97DB-EBD928BA9993}.Debug|Any CPU.ActiveCfg = Debug|Any CPU
		{88E2542A-046A-4360-97DB-EBD928BA9993}.Debug|Any CPU.Build.0 = Debug|Any CPU
		{88E2542A-046A-4360-97DB-EBD928BA9993}.Release|Any CPU.ActiveCfg = Release|Any CPU
		{88E2542A-046A-4360-97DB-EBD928BA9993}.Release|Any CPU.Build.0 = Release|Any CPU
	EndGlobalSection
	GlobalSection(SolutionProperties) = preSolution
		HideSolutionNode = FALSE
	EndGlobalSection
	GlobalSection(ExtensibilityGlobals) = postSolution
		SolutionGuid = {8BB08662-3907-4BEE-855B-336C2793863D}
	EndGlobalSection
EndGlobal
